
Microsoft Visual Studio Solution File, Format Version 12.00
# Visual Studio Version 16
VisualStudioVersion = 16.0.30907.101
MinimumVisualStudioVersion = 10.0.40219.1
Project("{FAE04EC0-301F-11D3-BF4B-00C04F79EFBC}") = "Reader", "Reader\Reader.csproj", "{4303FAB3-46EC-4F86-A84F-1CEF28F4B2DB}"
EndProject
Global
	GlobalSection(SolutionConfigurationPlatforms) = preSolution
		Debug|ARM = Debug|ARM
		Debug|ARM64 = Debug|ARM64
		Debug|x64 = Debug|x64
		Debug|x86 = Debug|x86
		Release|ARM = Release|ARM
		Release|ARM64 = Release|ARM64
		Release|x64 = Release|x64
		Release|x86 = Release|x86
	EndGlobalSection
	GlobalSection(ProjectConfigurationPlatforms) = postSolution
		{4303FAB3-46EC-4F86-A84F-1CEF28F4B2DB}.Debug|ARM.ActiveCfg = Debug|ARM
		{4303FAB3-46EC-4F86-A84F-1CEF28F4B2DB}.Debug|ARM.Build.0 = Debug|ARM
		{4303FAB3-46EC-4F86-A84F-1CEF28F4B2DB}.Debug|ARM.Deploy.0 = Debug|ARM
		{4303FAB3-46EC-4F86-A84F-1CEF28F4B2DB}.Debug|ARM64.ActiveCfg = Debug|ARM64
		{4303FAB3-46EC-4F86-A84F-1CEF28F4B2DB}.Debug|ARM64.Build.0 = Debug|ARM64
		{4303FAB3-46EC-4F86-A84F-1CEF28F4B2DB}.Debug|ARM64.Deploy.0 = Debug|ARM64
		{4303FAB3-46EC-4F86-A84F-1CEF28F4B2DB}.Debug|x64.ActiveCfg = Debug|x64
		{4303FAB3-46EC-4F86-A84F-1CEF28F4B2DB}.Debug|x64.Build.0 = Debug|x64
		{4303FAB3-46EC-4F86-A84F-1CEF28F4B2DB}.Debug|x64.Deploy.0 = Debug|x64
		{4303FAB3-46EC-4F86-A84F-1CEF28F4B2DB}.Debug|x86.ActiveCfg = Debug|x86
		{4303FAB3-46EC-4F86-A84F-1CEF28F4B2DB}.Debug|x86.Build.0 = Debug|x86
		{4303FAB3-46EC-4F86-A84F-1CEF28F4B2DB}.Debug|x86.Deploy.0 = Debug|x86
		{4303FAB3-46EC-4F86-A84F-1CEF28F4B2DB}.Release|ARM.ActiveCfg = Release|ARM
		{4303FAB3-46EC-4F86-A84F-1CEF28F4B2DB}.Release|ARM.Build.0 = Release|ARM
		{4303FAB3-46EC-4F86-A84F-1CEF28F4B2DB}.Release|ARM.Deploy.0 = Release|ARM
		{4303FAB3-46EC-4F86-A84F-1CEF28F4B2DB}.Release|ARM64.ActiveCfg = Release|ARM64
		{4303FAB3-46EC-4F86-A84F-1CEF28F4B2DB}.Release|ARM64.Build.0 = Release|ARM64
		{4303FAB3-46EC-4F86-A84F-1CEF28F4B2DB}.Release|ARM64.Deploy.0 = Release|ARM64
		{4303FAB3-46EC-4F86-A84F-1CEF28F4B2DB}.Release|x64.ActiveCfg = Release|x64
		{4303FAB3-46EC-4F86-A84F-1CEF28F4B2DB}.Release|x64.Build.0 = Release|x64
		{4303FAB3-46EC-4F86-A84F-1CEF28F4B2DB}.Release|x64.Deploy.0 = Release|x64
		{4303FAB3-46EC-4F86-A84F-1CEF28F4B2DB}.Release|x86.ActiveCfg = Release|x86
		{4303FAB3-46EC-4F86-A84F-1CEF28F4B2DB}.Release|x86.Build.0 = Release|x86
		{4303FAB3-46EC-4F86-A84F-1CEF28F4B2DB}.Release|x86.Deploy.0 = Release|x86
	EndGlobalSection
	GlobalSection(SolutionProperties) = preSolution
		HideSolutionNode = FALSE
	EndGlobalSection
	GlobalSection(ExtensibilityGlobals) = postSolution
		SolutionGuid = {C7289128-2B83-4C79-A6A5-5A154A1B77FC}
	EndGlobalSection
EndGlobal
